<Solution>
  <Folder Name="/src/">
    <Project Path="src/VRPhoneScreenOverlay.Android/VRPhoneScreenOverlay.Android.csproj" />
    <Project Path="src/VRPhoneScreenOverlay.App/VRPhoneScreenOverlay.App.csproj" />
    <Project Path="src/VRPhoneScreenOverlay.Contracts/VRPhoneScreenOverlay.Contracts.csproj" />
    <Project Path="src/VRPhoneScreenOverlay.Core/VRPhoneScreenOverlay.Core.csproj" />
    <Project Path="src/VRPhoneScreenOverlay.Diagnostics/VRPhoneScreenOverlay.Diagnostics.csproj" />
    <Project Path="src/VRPhoneScreenOverlay.Input/VRPhoneScreenOverlay.Input.csproj" />
    <Project Path="src/VRPhoneScreenOverlay.Maintenance/VRPhoneScreenOverlay.Maintenance.csproj" />
    <Project Path="src/VRPhoneScreenOverlay.Media/VRPhoneScreenOverlay.Media.csproj" />
    <Project Path="src/VRPhoneScreenOverlay.Network/VRPhoneScreenOverlay.Network.csproj" />
    <Project Path="src/VRPhoneScreenOverlay.PhotoSync/VRPhoneScreenOverlay.PhotoSync.csproj" />
    <Project Path="src/VRPhoneScreenOverlay.Presentation/VRPhoneScreenOverlay.Presentation.csproj" />
    <Project Path="src/VRPhoneScreenOverlay.Protocols/VRPhoneScreenOverlay.Protocols.csproj" />
    <Project Path="src/VRPhoneScreenOverlay.Service/VRPhoneScreenOverlay.Service.csproj" />
    <Project Path="src/VRPhoneScreenOverlay.Session/VRPhoneScreenOverlay.Session.csproj" />
    <Project Path="src/VRPhoneScreenOverlay.Sharing/VRPhoneScreenOverlay.Sharing.csproj" />
    <Project Path="src/VRPhoneScreenOverlay.Settings/VRPhoneScreenOverlay.Settings.csproj" />
    <Project Path="src/VRPhoneScreenOverlay.SteamVR/VRPhoneScreenOverlay.SteamVR.csproj" />
    <Project Path="src/VRPhoneScreenOverlay.SteamVR.BindingTool/VRPhoneScreenOverlay.SteamVR.BindingTool.csproj" />
    <Project Path="src/VRPhoneScreenOverlay.Update/VRPhoneScreenOverlay.Update.csproj" />
  </Folder>
  <Folder Name="/tests/">
    <Project Path="tests/VRPhoneScreenOverlay.Tests.Architecture/VRPhoneScreenOverlay.Tests.Architecture.csproj" />
    <Project Path="tests/VRPhoneScreenOverlay.Tests.Unit/VRPhoneScreenOverlay.Tests.Unit.csproj" />
  </Folder>
</Solution>
